
Microsoft Visual Studio Solution File, Format Version 12.00
# Visual Studio Version 17
VisualStudioVersion = 17.5.33530.505
MinimumVisualStudioVersion = 10.0.40219.1
Project("{FAE04EC0-301F-11D3-BF4B-00C04F79EFBC}") = "work_01", "work_01\work_01.csproj", "{C5E8DE22-8D19-4771-8CC9-F50A6D885C5E}"
EndProject
Global
	GlobalSection(SolutionConfigurationPlatforms) = preSolution
		Debug|Any CPU = Debug|Any CPU
		Release|Any CPU = Release|Any CPU
	EndGlobalSection
	GlobalSection(ProjectConfigurationPlatforms) = postSolution
		{C5E8DE22-8D19-4771-8CC9-F50A6D885C5E}.Debug|Any CPU.ActiveCfg = Debug|Any CPU
		{C5E8DE22-8D19-4771-8CC9-F50A6D885C5E}.Debug|Any CPU.Build.0 = Debug|Any CPU
		{C5E8DE22-8D19-4771-8CC9-F50A6D885C5E}.Release|Any CPU.ActiveCfg = Release|Any CPU
		{C5E8DE22-8D19-4771-8CC9-F50A6D885C5E}.Release|Any CPU.Build.0 = Release|Any CPU
	EndGlobalSection
	GlobalSection(SolutionProperties) = preSolution
		HideSolutionNode = FALSE
	EndGlobalSection
	GlobalSection(ExtensibilityGlobals) = postSolution
		SolutionGuid = {6830E1F0-3C00-443F-8E1F-73FB119D3FA0}
	EndGlobalSection
EndGlobal
